
Microsoft Visual Studio Solution File, Format Version 12.00
# Visual Studio Version 17
VisualStudioVersion = 17.2.32519.379
MinimumVisualStudioVersion = 10.0.40219.1
Project("{FAE04EC0-301F-11D3-BF4B-00C04F79EFBC}") = "SurchargeOperateur", "SurchargeOperateur\SurchargeOperateur.csproj", "{12BDD5FB-C9C5-4FE7-A593-DE5DB2684030}"
EndProject
Project("{FAE04EC0-301F-11D3-BF4B-00C04F79EFBC}") = "Indexeur", "Indexeur\Indexeur.csproj", "{A1A1ADF0-D80E-4859-A9C5-9C27E5B5ABAB}"
EndProject
Global
	GlobalSection(SolutionConfigurationPlatforms) = preSolution
		Debug|Any CPU = Debug|Any CPU
		Release|Any CPU = Release|Any CPU
	EndGlobalSection
	GlobalSection(ProjectConfigurationPlatforms) = postSolution
		{12BDD5FB-C9C5-4FE7-A593-DE5DB2684030}.Debug|Any CPU.ActiveCfg = Debug|Any CPU
		{12BDD5FB-C9C5-4FE7-A593-DE5DB2684030}.Debug|Any CPU.Build.0 = Debug|Any CPU
		{12BDD5FB-C9C5-4FE7-A593-DE5DB2684030}.Release|Any CPU.ActiveCfg = Release|Any CPU
		{12BDD5FB-C9C5-4FE7-A593-DE5DB2684030}.Release|Any CPU.Build.0 = Release|Any CPU
		{A1A1ADF0-D80E-4859-A9C5-9C27E5B5ABAB}.Debug|Any CPU.ActiveCfg = Debug|Any CPU
		{A1A1ADF0-D80E-4859-A9C5-9C27E5B5ABAB}.Debug|Any CPU.Build.0 = Debug|Any CPU
		{A1A1ADF0-D80E-4859-A9C5-9C27E5B5ABAB}.Release|Any CPU.ActiveCfg = Release|Any CPU
		{A1A1ADF0-D80E-4859-A9C5-9C27E5B5ABAB}.Release|Any CPU.Build.0 = Release|Any CPU
	EndGlobalSection
	GlobalSection(SolutionProperties) = preSolution
		HideSolutionNode = FALSE
	EndGlobalSection
	GlobalSection(ExtensibilityGlobals) = postSolution
		SolutionGuid = {EC8AAD36-C7AB-45FA-BD9F-0E5EB2EC0E7A}
	EndGlobalSection
EndGlobal
